
Microsoft Visual Studio Solution File, Format Version 12.00
# Visual Studio 15
Project("{FAE04EC0-301F-11D3-BF4B-00C04F79EFBC}") = "Zero to Hero", "Assembly-CSharp.csproj", "{212C8DE4-C86D-52FA-957A-9E88D7E8DF8E}"
EndProject
Project("{FAE04EC0-301F-11D3-BF4B-00C04F79EFBC}") = "Zero to Hero", "Assembly-CSharp-Editor.csproj", "{01139631-34FD-6475-F29D-F9237BD50D2F}"
EndProject
Global
	GlobalSection(SolutionConfigurationPlatforms) = preSolution
		Debug|Any CPU = Debug|Any CPU
		Release|Any CPU = Release|Any CPU
	EndGlobalSection
	GlobalSection(ProjectConfigurationPlatforms) = postSolution
		{212C8DE4-C86D-52FA-957A-9E88D7E8DF8E}.Debug|Any CPU.ActiveCfg = Debug|Any CPU
		{212C8DE4-C86D-52FA-957A-9E88D7E8DF8E}.Debug|Any CPU.Build.0 = Debug|Any CPU
		{212C8DE4-C86D-52FA-957A-9E88D7E8DF8E}.Release|Any CPU.ActiveCfg = Release|Any CPU
		{212C8DE4-C86D-52FA-957A-9E88D7E8DF8E}.Release|Any CPU.Build.0 = Release|Any CPU
		{01139631-34FD-6475-F29D-F9237BD50D2F}.Debug|Any CPU.ActiveCfg = Debug|Any CPU
		{01139631-34FD-6475-F29D-F9237BD50D2F}.Debug|Any CPU.Build.0 = Debug|Any CPU
		{01139631-34FD-6475-F29D-F9237BD50D2F}.Release|Any CPU.ActiveCfg = Release|Any CPU
		{01139631-34FD-6475-F29D-F9237BD50D2F}.Release|Any CPU.Build.0 = Release|Any CPU
	EndGlobalSection
	GlobalSection(SolutionProperties) = preSolution
		HideSolutionNode = FALSE
	EndGlobalSection
EndGlobal
